
Microsoft Visual Studio Solution File, Format Version 12.00
# Visual Studio Version 17
VisualStudioVersion = 17.4.33213.308
MinimumVisualStudioVersion = 10.0.40219.1
Project("{9A19103F-16F7-4668-BE54-9A1E7A4F7556}") = "CSharpFund-Project-RockPaperScissors-Game", "CSharpFund-Project-RockPaperScissors-Game.csproj", "{008F9105-0CB5-4AB7-86C2-D485A12B556F}"
EndProject
Project("{FAE04EC0-301F-11D3-BF4B-00C04F79EFBC}") = "demoProject", "C:\Users\rumen\Source\Repos\demoProject\demoProject.csproj", "{A6F4ABCB-41F3-415E-83E4-B538CE32C373}"
EndProject
Global
	GlobalSection(SolutionConfigurationPlatforms) = preSolution
		Debug|Any CPU = Debug|Any CPU
		Release|Any CPU = Release|Any CPU
	EndGlobalSection
	GlobalSection(ProjectConfigurationPlatforms) = postSolution
		{008F9105-0CB5-4AB7-86C2-D485A12B556F}.Debug|Any CPU.ActiveCfg = Debug|Any CPU
		{008F9105-0CB5-4AB7-86C2-D485A12B556F}.Debug|Any CPU.Build.0 = Debug|Any CPU
		{008F9105-0CB5-4AB7-86C2-D485A12B556F}.Release|Any CPU.ActiveCfg = Release|Any CPU
		{008F9105-0CB5-4AB7-86C2-D485A12B556F}.Release|Any CPU.Build.0 = Release|Any CPU
		{A6F4ABCB-41F3-415E-83E4-B538CE32C373}.Debug|Any CPU.ActiveCfg = Debug|Any CPU
		{A6F4ABCB-41F3-415E-83E4-B538CE32C373}.Debug|Any CPU.Build.0 = Debug|Any CPU
		{A6F4ABCB-41F3-415E-83E4-B538CE32C373}.Release|Any CPU.ActiveCfg = Release|Any CPU
		{A6F4ABCB-41F3-415E-83E4-B538CE32C373}.Release|Any CPU.Build.0 = Release|Any CPU
	EndGlobalSection
	GlobalSection(SolutionProperties) = preSolution
		HideSolutionNode = FALSE
	EndGlobalSection
	GlobalSection(ExtensibilityGlobals) = postSolution
		SolutionGuid = {6D8BC88C-BC07-482B-A7CA-3E715DD27DD5}
	EndGlobalSection
EndGlobal
